// !$*UTF8*$!
{
	archiveVersion = 1;
	classes = {
	};
	objectVersion = 56;
	objects = {

/* Begin PBXBuildFile section */
		248196882C0B551F00B69127 /* TabBarController.swift in Sources */ = {isa = PBXBuildFile; fileRef = 248196872C0B551F00B69127 /* TabBarController.swift */; };
		E33129022C0A6D0D004B0628 /* CheckoutViewController.swift in Sources */ = {isa = PBXBuildFile; fileRef = E33129012C0A6D0D004B0628 /* CheckoutViewController.swift */; };
		E36240E62C0EE272007A3D5F /* SnapKit in Frameworks */ = {isa = PBXBuildFile; productRef = E36240E52C0EE272007A3D5F /* SnapKit */; };
		E36240E82C0EE272007A3D5F /* SnapKit-Dynamic in Frameworks */ = {isa = PBXBuildFile; productRef = E36240E72C0EE272007A3D5F /* SnapKit-Dynamic */; };
		E3B465232C0B0D8400E40724 /* ProductViewCell.swift in Sources */ = {isa = PBXBuildFile; fileRef = E3B465222C0B0D8400E40724 /* ProductViewCell.swift */; };
		E3C38EB22C09A54B005C4239 /* ChooseItemsViewController.swift in Sources */ = {isa = PBXBuildFile; fileRef = E3C38EB12C09A54B005C4239 /* ChooseItemsViewController.swift */; };
		E3C38EB72C09CF30005C4239 /* UIImage+Extention.swift in Sources */ = {isa = PBXBuildFile; fileRef = E3C38EB62C09CF30005C4239 /* UIImage+Extention.swift */; };
		E3CCB26D2C09EBE6003F370B /* ProductCell.swift in Sources */ = {isa = PBXBuildFile; fileRef = E3CCB26C2C09EBE6003F370B /* ProductCell.swift */; };
		E3CCB26F2C09FCA4003F370B /* SelectedItemViewController.swift in Sources */ = {isa = PBXBuildFile; fileRef = E3CCB26E2C09FCA4003F370B /* SelectedItemViewController.swift */; };
		E3D12B912C08847200FE2980 /* AppDelegate.swift in Sources */ = {isa = PBXBuildFile; fileRef = E3D12B902C08847200FE2980 /* AppDelegate.swift */; };
		E3D12B932C08847200FE2980 /* SceneDelegate.swift in Sources */ = {isa = PBXBuildFile; fileRef = E3D12B922C08847200FE2980 /* SceneDelegate.swift */; };
		E3D12B952C08847200FE2980 /* ViewController.swift in Sources */ = {isa = PBXBuildFile; fileRef = E3D12B942C08847200FE2980 /* ViewController.swift */; };
		E3D12B9A2C08847400FE2980 /* Assets.xcassets in Resources */ = {isa = PBXBuildFile; fileRef = E3D12B992C08847400FE2980 /* Assets.xcassets */; };
		E3D12B9D2C08847400FE2980 /* LaunchScreen.storyboard in Resources */ = {isa = PBXBuildFile; fileRef = E3D12B9B2C08847400FE2980 /* LaunchScreen.storyboard */; };
		E3D12BA82C08972000FE2980 /* UIColor+Extention.swift in Sources */ = {isa = PBXBuildFile; fileRef = E3D12BA72C08972000FE2980 /* UIColor+Extention.swift */; };
		E3D12BAE2C08AC5500FE2980 /* Poppins-Regular.ttf in Resources */ = {isa = PBXBuildFile; fileRef = E3D12BAA2C08AC5500FE2980 /* Poppins-Regular.ttf */; };
		E3D12BAF2C08AC5500FE2980 /* Poppins-SemiBold.ttf in Resources */ = {isa = PBXBuildFile; fileRef = E3D12BAB2C08AC5500FE2980 /* Poppins-SemiBold.ttf */; };
		E3D12BB02C08AC5500FE2980 /* Poppins-Medium.ttf in Resources */ = {isa = PBXBuildFile; fileRef = E3D12BAC2C08AC5500FE2980 /* Poppins-Medium.ttf */; };
		E3D12BB32C08AD1C00FE2980 /* UIFont+Extention.swift in Sources */ = {isa = PBXBuildFile; fileRef = E3D12BB22C08AD1C00FE2980 /* UIFont+Extention.swift */; };
		E3D12BB52C08C41A00FE2980 /* WelcomeViewController.swift in Sources */ = {isa = PBXBuildFile; fileRef = E3D12BB42C08C41A00FE2980 /* WelcomeViewController.swift */; };
/* End PBXBuildFile section */

/* Begin PBXFileReference section */
		248196872C0B551F00B69127 /* TabBarController.swift */ = {isa = PBXFileReference; lastKnownFileType = sourcecode.swift; path = TabBarController.swift; sourceTree = "<group>"; };
		E33129012C0A6D0D004B0628 /* CheckoutViewController.swift */ = {isa = PBXFileReference; lastKnownFileType = sourcecode.swift; path = CheckoutViewController.swift; sourceTree = "<group>"; };
		E3B465222C0B0D8400E40724 /* ProductViewCell.swift */ = {isa = PBXFileReference; lastKnownFileType = sourcecode.swift; path = ProductViewCell.swift; sourceTree = "<group>"; };
		E3C38EB12C09A54B005C4239 /* ChooseItemsViewController.swift */ = {isa = PBXFileReference; lastKnownFileType = sourcecode.swift; path = ChooseItemsViewController.swift; sourceTree = "<group>"; };
		E3C38EB62C09CF30005C4239 /* UIImage+Extention.swift */ = {isa = PBXFileReference; lastKnownFileType = sourcecode.swift; path = "UIImage+Extention.swift"; sourceTree = "<group>"; };
		E3CCB26C2C09EBE6003F370B /* ProductCell.swift */ = {isa = PBXFileReference; lastKnownFileType = sourcecode.swift; path = ProductCell.swift; sourceTree = "<group>"; };
		E3CCB26E2C09FCA4003F370B /* SelectedItemViewController.swift */ = {isa = PBXFileReference; lastKnownFileType = sourcecode.swift; path = SelectedItemViewController.swift; sourceTree = "<group>"; };
		E3D12B8D2C08847200FE2980 /* Project  24 გიორგი მაჩაბლიშვილი.app */ = {isa = PBXFileReference; explicitFileType = wrapper.application; includeInIndex = 0; path = "Project  24 გიორგი მაჩაბლიშვილი.app"; sourceTree = BUILT_PRODUCTS_DIR; };
		E3D12B902C08847200FE2980 /* AppDelegate.swift */ = {isa = PBXFileReference; lastKnownFileType = sourcecode.swift; path = AppDelegate.swift; sourceTree = "<group>"; };
		E3D12B922C08847200FE2980 /* SceneDelegate.swift */ = {isa = PBXFileReference; lastKnownFileType = sourcecode.swift; path = SceneDelegate.swift; sourceTree = "<group>"; };
		E3D12B942C08847200FE2980 /* ViewController.swift */ = {isa = PBXFileReference; lastKnownFileType = sourcecode.swift; path = ViewController.swift; sourceTree = "<group>"; };
		E3D12B992C08847400FE2980 /* Assets.xcassets */ = {isa = PBXFileReference; lastKnownFileType = folder.assetcatalog; path = Assets.xcassets; sourceTree = "<group>"; };
		E3D12B9C2C08847400FE2980 /* Base */ = {isa = PBXFileReference; lastKnownFileType = file.storyboard; name = Base; path = Base.lproj/LaunchScreen.storyboard; sourceTree = "<group>"; };
		E3D12B9E2C08847400FE2980 /* Info.plist */ = {isa = PBXFileReference; lastKnownFileType = text.plist.xml; path = Info.plist; sourceTree = "<group>"; };
		E3D12BA72C08972000FE2980 /* UIColor+Extention.swift */ = {isa = PBXFileReference; lastKnownFileType = sourcecode.swift; path = "UIColor+Extention.swift"; sourceTree = "<group>"; };
		E3D12BAA2C08AC5500FE2980 /* Poppins-Regular.ttf */ = {isa = PBXFileReference; lastKnownFileType = file; path = "Poppins-Regular.ttf"; sourceTree = "<group>"; };
		E3D12BAB2C08AC5500FE2980 /* Poppins-SemiBold.ttf */ = {isa = PBXFileReference; lastKnownFileType = file; path = "Poppins-SemiBold.ttf"; sourceTree = "<group>"; };
		E3D12BAC2C08AC5500FE2980 /* Poppins-Medium.ttf */ = {isa = PBXFileReference; lastKnownFileType = file; path = "Poppins-Medium.ttf"; sourceTree = "<group>"; };
		E3D12BB22C08AD1C00FE2980 /* UIFont+Extention.swift */ = {isa = PBXFileReference; lastKnownFileType = sourcecode.swift; path = "UIFont+Extention.swift"; sourceTree = "<group>"; };
		E3D12BB42C08C41A00FE2980 /* WelcomeViewController.swift */ = {isa = PBXFileReference; lastKnownFileType = sourcecode.swift; path = WelcomeViewController.swift; sourceTree = "<group>"; };
/* End PBXFileReference section */

/* Begin PBXFrameworksBuildPhase section */
		E3D12B8A2C08847200FE2980 /* Frameworks */ = {
			isa = PBXFrameworksBuildPhase;
			buildActionMask = 2147483647;
			files = (
				E36240E62C0EE272007A3D5F /* SnapKit in Frameworks */,
				E36240E82C0EE272007A3D5F /* SnapKit-Dynamic in Frameworks */,
			);
			runOnlyForDeploymentPostprocessing = 0;
		};
/* End PBXFrameworksBuildPhase section */

/* Begin PBXGroup section */
		E3B4651F2C0B0CD900E40724 /* Table view cell */ = {
			isa = PBXGroup;
			children = (
				E3B465222C0B0D8400E40724 /* ProductViewCell.swift */,
			);
			path = "Table view cell";
			sourceTree = "<group>";
		};
		E3CCB2662C09EB42003F370B /* Image cell */ = {
			isa = PBXGroup;
			children = (
				E3CCB26C2C09EBE6003F370B /* ProductCell.swift */,
			);
			path = "Image cell";
			sourceTree = "<group>";
		};
		E3D12B842C08847200FE2980 = {
			isa = PBXGroup;
			children = (
				E3D12B8F2C08847200FE2980 /* Project  24 გიორგი მაჩაბლიშვილი */,
				E3D12B8E2C08847200FE2980 /* Products */,
			);
			sourceTree = "<group>";
		};
		E3D12B8E2C08847200FE2980 /* Products */ = {
			isa = PBXGroup;
			children = (
				E3D12B8D2C08847200FE2980 /* Project  24 გიორგი მაჩაბლიშვილი.app */,
			);
			name = Products;
			sourceTree = "<group>";
		};
		E3D12B8F2C08847200FE2980 /* Project  24 გიორგი მაჩაბლიშვილი */ = {
			isa = PBXGroup;
			children = (
				E3B4651F2C0B0CD900E40724 /* Table view cell */,
				E3CCB2662C09EB42003F370B /* Image cell */,
				E3D12BA92C08AB5200FE2980 /* Fonts */,
				E3D12BA42C0896CF00FE2980 /* Extention */,
				E3D12B902C08847200FE2980 /* AppDelegate.swift */,
				E3D12B922C08847200FE2980 /* SceneDelegate.swift */,
				E3D12B942C08847200FE2980 /* ViewController.swift */,
				E3D12BB42C08C41A00FE2980 /* WelcomeViewController.swift */,
				E3C38EB12C09A54B005C4239 /* ChooseItemsViewController.swift */,
				E3CCB26E2C09FCA4003F370B /* SelectedItemViewController.swift */,
				E33129012C0A6D0D004B0628 /* CheckoutViewController.swift */,
				248196872C0B551F00B69127 /* TabBarController.swift */,
				E3D12B992C08847400FE2980 /* Assets.xcassets */,
				E3D12B9B2C08847400FE2980 /* LaunchScreen.storyboard */,
				E3D12B9E2C08847400FE2980 /* Info.plist */,
			);
			path = "Project  24 გიორგი მაჩაბლიშვილი";
			sourceTree = "<group>";
		};
		E3D12BA42C0896CF00FE2980 /* Extention */ = {
			isa = PBXGroup;
			children = (
				E3D12BA72C08972000FE2980 /* UIColor+Extention.swift */,
				E3D12BB22C08AD1C00FE2980 /* UIFont+Extention.swift */,
				E3C38EB62C09CF30005C4239 /* UIImage+Extention.swift */,
			);
			path = Extention;
			sourceTree = "<group>";
		};
		E3D12BA92C08AB5200FE2980 /* Fonts */ = {
			isa = PBXGroup;
			children = (
				E3D12BAC2C08AC5500FE2980 /* Poppins-Medium.ttf */,
				E3D12BAA2C08AC5500FE2980 /* Poppins-Regular.ttf */,
				E3D12BAB2C08AC5500FE2980 /* Poppins-SemiBold.ttf */,
			);
			path = Fonts;
			sourceTree = "<group>";
		};
/* End PBXGroup section */

/* Begin PBXNativeTarget section */
		E3D12B8C2C08847200FE2980 /* Project  24 გიორგი მაჩაბლიშვილი */ = {
			isa = PBXNativeTarget;
			buildConfigurationList = E3D12BA12C08847400FE2980 /* Build configuration list for PBXNativeTarget "Project  24 გიორგი მაჩაბლიშვილი" */;
			buildPhases = (
				E3D12B892C08847200FE2980 /* Sources */,
				E3D12B8A2C08847200FE2980 /* Frameworks */,
				E3D12B8B2C08847200FE2980 /* Resources */,
			);
			buildRules = (
			);
			dependencies = (
			);
			name = "Project  24 გიორგი მაჩაბლიშვილი";
			packageProductDependencies = (
				E36240E52C0EE272007A3D5F /* SnapKit */,
				E36240E72C0EE272007A3D5F /* SnapKit-Dynamic */,
			);
			productName = "Project  24 გიორგი მაჩაბლიშვილი";
			productReference = E3D12B8D2C08847200FE2980 /* Project  24 გიორგი მაჩაბლიშვილი.app */;
			productType = "com.apple.product-type.application";
		};
/* End PBXNativeTarget section */

/* Begin PBXProject section */
		E3D12B852C08847200FE2980 /* Project object */ = {
			isa = PBXProject;
			attributes = {
				BuildIndependentTargetsInParallel = 1;
				LastSwiftUpdateCheck = 1520;
				LastUpgradeCheck = 1520;
				TargetAttributes = {
					E3D12B8C2C08847200FE2980 = {
						CreatedOnToolsVersion = 15.2;
					};
				};
			};
			buildConfigurationList = E3D12B882C08847200FE2980 /* Build configuration list for PBXProject "Project  24 გიორგი მაჩაბლიშვილი" */;
			compatibilityVersion = "Xcode 14.0";
			developmentRegion = en;
			hasScannedForEncodings = 0;
			knownRegions = (
				en,
				Base,
			);
			mainGroup = E3D12B842C08847200FE2980;
			packageReferences = (
				E36240E42C0EE272007A3D5F /* XCRemoteSwiftPackageReference "SnapKit" */,
			);
			productRefGroup = E3D12B8E2C08847200FE2980 /* Products */;
			projectDirPath = "";
			projectRoot = "";
			targets = (
				E3D12B8C2C08847200FE2980 /* Project  24 გიორგი მაჩაბლიშვილი */,
			);
		};
/* End PBXProject section */

/* Begin PBXResourcesBuildPhase section */
		E3D12B8B2C08847200FE2980 /* Resources */ = {
			isa = PBXResourcesBuildPhase;
			buildActionMask = 2147483647;
			files = (
				E3D12BAE2C08AC5500FE2980 /* Poppins-Regular.ttf in Resources */,
				E3D12BAF2C08AC5500FE2980 /* Poppins-SemiBold.ttf in Resources */,
				E3D12B9D2C08847400FE2980 /* LaunchScreen.storyboard in Resources */,
				E3D12B9A2C08847400FE2980 /* Assets.xcassets in Resources */,
				E3D12BB02C08AC5500FE2980 /* Poppins-Medium.ttf in Resources */,
			);
			runOnlyForDeploymentPostprocessing = 0;
		};
/* End PBXResourcesBuildPhase section */

/* Begin PBXSourcesBuildPhase section */
		E3D12B892C08847200FE2980 /* Sources */ = {
			isa = PBXSourcesBuildPhase;
			buildActionMask = 2147483647;
			files = (
				E3D12BA82C08972000FE2980 /* UIColor+Extention.swift in Sources */,
				248196882C0B551F00B69127 /* TabBarController.swift in Sources */,
				E3D12B952C08847200FE2980 /* ViewController.swift in Sources */,
				E3D12B912C08847200FE2980 /* AppDelegate.swift in Sources */,
				E3C38EB72C09CF30005C4239 /* UIImage+Extention.swift in Sources */,
				E3D12BB52C08C41A00FE2980 /* WelcomeViewController.swift in Sources */,
				E33129022C0A6D0D004B0628 /* CheckoutViewController.swift in Sources */,
				E3D12BB32C08AD1C00FE2980 /* UIFont+Extention.swift in Sources */,
				E3CCB26D2C09EBE6003F370B /* ProductCell.swift in Sources */,
				E3B465232C0B0D8400E40724 /* ProductViewCell.swift in Sources */,
				E3C38EB22C09A54B005C4239 /* ChooseItemsViewController.swift in Sources */,
				E3CCB26F2C09FCA4003F370B /* SelectedItemViewController.swift in Sources */,
				E3D12B932C08847200FE2980 /* SceneDelegate.swift in Sources */,
			);
			runOnlyForDeploymentPostprocessing = 0;
		};
/* End PBXSourcesBuildPhase section */

/* Begin PBXVariantGroup section */
		E3D12B9B2C08847400FE2980 /* LaunchScreen.storyboard */ = {
			isa = PBXVariantGroup;
			children = (
				E3D12B9C2C08847400FE2980 /* Base */,
			);
			name = LaunchScreen.storyboard;
			sourceTree = "<group>";
		};
/* End PBXVariantGroup section */

/* Begin XCBuildConfiguration section */
		E3D12B9F2C08847400FE2980 /* Debug */ = {
			isa = XCBuildConfiguration;
			buildSettings = {
				ALWAYS_SEARCH_USER_PATHS = NO;
				ASSETCATALOG_COMPILER_GENERATE_SWIFT_ASSET_SYMBOL_EXTENSIONS = YES;
				CLANG_ANALYZER_NONNULL = YES;
				CLANG_ANALYZER_NUMBER_OBJECT_CONVERSION = YES_AGGRESSIVE;
				CLANG_CXX_LANGUAGE_STANDARD = "gnu++20";
				CLANG_ENABLE_MODULES = YES;
				CLANG_ENABLE_OBJC_ARC = YES;
				CLANG_ENABLE_OBJC_WEAK = YES;
				CLANG_WARN_BLOCK_CAPTURE_AUTORELEASING = YES;
				CLANG_WARN_BOOL_CONVERSION = YES;
				CLANG_WARN_COMMA = YES;
				CLANG_WARN_CONSTANT_CONVERSION = YES;
				CLANG_WARN_DEPRECATED_OBJC_IMPLEMENTATIONS = YES;
				CLANG_WARN_DIRECT_OBJC_ISA_USAGE = YES_ERROR;
				CLANG_WARN_DOCUMENTATION_COMMENTS = YES;
				CLANG_WARN_EMPTY_BODY = YES;
				CLANG_WARN_ENUM_CONVERSION = YES;
				CLANG_WARN_INFINITE_RECURSION = YES;
				CLANG_WARN_INT_CONVERSION = YES;
				CLANG_WARN_NON_LITERAL_NULL_CONVERSION = YES;
				CLANG_WARN_OBJC_IMPLICIT_RETAIN_SELF = YES;
				CLANG_WARN_OBJC_LITERAL_CONVERSION = YES;
				CLANG_WARN_OBJC_ROOT_CLASS = YES_ERROR;
				CLANG_WARN_QUOTED_INCLUDE_IN_FRAMEWORK_HEADER = YES;
				CLANG_WARN_RANGE_LOOP_ANALYSIS = YES;
				CLANG_WARN_STRICT_PROTOTYPES = YES;
				CLANG_WARN_SUSPICIOUS_MOVE = YES;
				CLANG_WARN_UNGUARDED_AVAILABILITY = YES_AGGRESSIVE;
				CLANG_WARN_UNREACHABLE_CODE = YES;
				CLANG_WARN__DUPLICATE_METHOD_MATCH = YES;
				COPY_PHASE_STRIP = NO;
				DEBUG_INFORMATION_FORMAT = dwarf;
				ENABLE_STRICT_OBJC_MSGSEND = YES;
				ENABLE_TESTABILITY = YES;
				ENABLE_USER_SCRIPT_SANDBOXING = YES;
				GCC_C_LANGUAGE_STANDARD = gnu17;
				GCC_DYNAMIC_NO_PIC = NO;
				GCC_NO_COMMON_BLOCKS = YES;
				GCC_OPTIMIZATION_LEVEL = 0;
				GCC_PREPROCESSOR_DEFINITIONS = (
					"DEBUG=1",
					"$(inherited)",
				);
				GCC_WARN_64_TO_32_BIT_CONVERSION = YES;
				GCC_WARN_ABOUT_RETURN_TYPE = YES_ERROR;
				GCC_WARN_UNDECLARED_SELECTOR = YES;
				GCC_WARN_UNINITIALIZED_AUTOS = YES_AGGRESSIVE;
				GCC_WARN_UNUSED_FUNCTION = YES;
				GCC_WARN_UNUSED_VARIABLE = YES;
				IPHONEOS_DEPLOYMENT_TARGET = 17.2;
				LOCALIZATION_PREFERS_STRING_CATALOGS = YES;
				MTL_ENABLE_DEBUG_INFO = INCLUDE_SOURCE;
				MTL_FAST_MATH = YES;
				ONLY_ACTIVE_ARCH = YES;
				SDKROOT = iphoneos;
				SWIFT_ACTIVE_COMPILATION_CONDITIONS = "DEBUG $(inherited)";
				SWIFT_OPTIMIZATION_LEVEL = "-Onone";
			};
			name = Debug;
		};
		E3D12BA02C08847400FE2980 /* Release */ = {
			isa = XCBuildConfiguration;
			buildSettings = {
				ALWAYS_SEARCH_USER_PATHS = NO;
				ASSETCATALOG_COMPILER_GENERATE_SWIFT_ASSET_SYMBOL_EXTENSIONS = YES;
				CLANG_ANALYZER_NONNULL = YES;
				CLANG_ANALYZER_NUMBER_OBJECT_CONVERSION = YES_AGGRESSIVE;
				CLANG_CXX_LANGUAGE_STANDARD = "gnu++20";
				CLANG_ENABLE_MODULES = YES;
				CLANG_ENABLE_OBJC_ARC = YES;
				CLANG_ENABLE_OBJC_WEAK = YES;
				CLANG_WARN_BLOCK_CAPTURE_AUTORELEASING = YES;
				CLANG_WARN_BOOL_CONVERSION = YES;
				CLANG_WARN_COMMA = YES;
				CLANG_WARN_CONSTANT_CONVERSION = YES;
				CLANG_WARN_DEPRECATED_OBJC_IMPLEMENTATIONS = YES;
				CLANG_WARN_DIRECT_OBJC_ISA_USAGE = YES_ERROR;
				CLANG_WARN_DOCUMENTATION_COMMENTS = YES;
				CLANG_WARN_EMPTY_BODY = YES;
				CLANG_WARN_ENUM_CONVERSION = YES;
				CLANG_WARN_INFINITE_RECURSION = YES;
				CLANG_WARN_INT_CONVERSION = YES;
				CLANG_WARN_NON_LITERAL_NULL_CONVERSION = YES;
				CLANG_WARN_OBJC_IMPLICIT_RETAIN_SELF = YES;
				CLANG_WARN_OBJC_LITERAL_CONVERSION = YES;
				CLANG_WARN_OBJC_ROOT_CLASS = YES_ERROR;
				CLANG_WARN_QUOTED_INCLUDE_IN_FRAMEWORK_HEADER = YES;
				CLANG_WARN_RANGE_LOOP_ANALYSIS = YES;
				CLANG_WARN_STRICT_PROTOTYPES = YES;
				CLANG_WARN_SUSPICIOUS_MOVE = YES;
				CLANG_WARN_UNGUARDED_AVAILABILITY = YES_AGGRESSIVE;
				CLANG_WARN_UNREACHABLE_CODE = YES;
				CLANG_WARN__DUPLICATE_METHOD_MATCH = YES;
				COPY_PHASE_STRIP = NO;
				DEBUG_INFORMATION_FORMAT = "dwarf-with-dsym";
				ENABLE_NS_ASSERTIONS = NO;
				ENABLE_STRICT_OBJC_MSGSEND = YES;
				ENABLE_USER_SCRIPT_SANDBOXING = YES;
				GCC_C_LANGUAGE_STANDARD = gnu17;
				GCC_NO_COMMON_BLOCKS = YES;
				GCC_WARN_64_TO_32_BIT_CONVERSION = YES;
				GCC_WARN_ABOUT_RETURN_TYPE = YES_ERROR;
				GCC_WARN_UNDECLARED_SELECTOR = YES;
				GCC_WARN_UNINITIALIZED_AUTOS = YES_AGGRESSIVE;
				GCC_WARN_UNUSED_FUNCTION = YES;
				GCC_WARN_UNUSED_VARIABLE = YES;
				IPHONEOS_DEPLOYMENT_TARGET = 17.2;
				LOCALIZATION_PREFERS_STRING_CATALOGS = YES;
				MTL_ENABLE_DEBUG_INFO = NO;
				MTL_FAST_MATH = YES;
				SDKROOT = iphoneos;
				SWIFT_COMPILATION_MODE = wholemodule;
				VALIDATE_PRODUCT = YES;
			};
			name = Release;
		};
		E3D12BA22C08847400FE2980 /* Debug */ = {
			isa = XCBuildConfiguration;
			buildSettings = {
				ASSETCATALOG_COMPILER_APPICON_NAME = AppIcon;
				ASSETCATALOG_COMPILER_GLOBAL_ACCENT_COLOR_NAME = AccentColor;
				CODE_SIGN_STYLE = Automatic;
				CURRENT_PROJECT_VERSION = 1;
				GENERATE_INFOPLIST_FILE = YES;
				INFOPLIST_FILE = "Project  24 გიორგი მაჩაბლიშვილი/Info.plist";
				INFOPLIST_KEY_UIApplicationSupportsIndirectInputEvents = YES;
				INFOPLIST_KEY_UILaunchStoryboardName = LaunchScreen;
				INFOPLIST_KEY_UISupportedInterfaceOrientations_iPad = "UIInterfaceOrientationPortrait UIInterfaceOrientationPortraitUpsideDown UIInterfaceOrientationLandscapeLeft UIInterfaceOrientationLandscapeRight";
				INFOPLIST_KEY_UISupportedInterfaceOrientations_iPhone = "UIInterfaceOrientationPortrait UIInterfaceOrientationLandscapeLeft UIInterfaceOrientationLandscapeRight";
				LD_RUNPATH_SEARCH_PATHS = (
					"$(inherited)",
					"@executable_path/Frameworks",
				);
				MARKETING_VERSION = 1.0;
				PRODUCT_BUNDLE_IDENTIFIER = "-0.Project--24--------------------";
				PRODUCT_NAME = "$(TARGET_NAME)";
				SWIFT_EMIT_LOC_STRINGS = YES;
				SWIFT_VERSION = 5.0;
				TARGETED_DEVICE_FAMILY = "1,2";
			};
			name = Debug;
		};
		E3D12BA32C08847400FE2980 /* Release */ = {
			isa = XCBuildConfiguration;
			buildSettings = {
				ASSETCATALOG_COMPILER_APPICON_NAME = AppIcon;
				ASSETCATALOG_COMPILER_GLOBAL_ACCENT_COLOR_NAME = AccentColor;
				CODE_SIGN_STYLE = Automatic;
				CURRENT_PROJECT_VERSION = 1;
				GENERATE_INFOPLIST_FILE = YES;
				INFOPLIST_FILE = "Project  24 გიორგი მაჩაბლიშვილი/Info.plist";
				INFOPLIST_KEY_UIApplicationSupportsIndirectInputEvents = YES;
				INFOPLIST_KEY_UILaunchStoryboardName = LaunchScreen;
				INFOPLIST_KEY_UISupportedInterfaceOrientations_iPad = "UIInterfaceOrientationPortrait UIInterfaceOrientationPortraitUpsideDown UIInterfaceOrientationLandscapeLeft UIInterfaceOrientationLandscapeRight";
				INFOPLIST_KEY_UISupportedInterfaceOrientations_iPhone = "UIInterfaceOrientationPortrait UIInterfaceOrientationLandscapeLeft UIInterfaceOrientationLandscapeRight";
				LD_RUNPATH_SEARCH_PATHS = (
					"$(inherited)",
					"@executable_path/Frameworks",
				);
				MARKETING_VERSION = 1.0;
				PRODUCT_BUNDLE_IDENTIFIER = "-0.Project--24--------------------";
				PRODUCT_NAME = "$(TARGET_NAME)";
				SWIFT_EMIT_LOC_STRINGS = YES;
				SWIFT_VERSION = 5.0;
				TARGETED_DEVICE_FAMILY = "1,2";
			};
			name = Release;
		};
/* End XCBuildConfiguration section */

/* Begin XCConfigurationList section */
		E3D12B882C08847200FE2980 /* Build configuration list for PBXProject "Project  24 გიორგი მაჩაბლიშვილი" */ = {
			isa = XCConfigurationList;
			buildConfigurations = (
				E3D12B9F2C08847400FE2980 /* Debug */,
				E3D12BA02C08847400FE2980 /* Release */,
			);
			defaultConfigurationIsVisible = 0;
			defaultConfigurationName = Release;
		};
		E3D12BA12C08847400FE2980 /* Build configuration list for PBXNativeTarget "Project  24 გიორგი მაჩაბლიშვილი" */ = {
			isa = XCConfigurationList;
			buildConfigurations = (
				E3D12BA22C08847400FE2980 /* Debug */,
				E3D12BA32C08847400FE2980 /* Release */,
			);
			defaultConfigurationIsVisible = 0;
			defaultConfigurationName = Release;
		};
/* End XCConfigurationList section */

/* Begin XCRemoteSwiftPackageReference section */
		E36240E42C0EE272007A3D5F /* XCRemoteSwiftPackageReference "SnapKit" */ = {
			isa = XCRemoteSwiftPackageReference;
			repositoryURL = "https://github.com/SnapKit/SnapKit";
			requirement = {
				kind = upToNextMajorVersion;
				minimumVersion = 5.7.1;
			};
		};
/* End XCRemoteSwiftPackageReference section */

/* Begin XCSwiftPackageProductDependency section */
		E36240E52C0EE272007A3D5F /* SnapKit */ = {
			isa = XCSwiftPackageProductDependency;
			package = E36240E42C0EE272007A3D5F /* XCRemoteSwiftPackageReference "SnapKit" */;
			productName = SnapKit;
		};
		E36240E72C0EE272007A3D5F /* SnapKit-Dynamic */ = {
			isa = XCSwiftPackageProductDependency;
			package = E36240E42C0EE272007A3D5F /* XCRemoteSwiftPackageReference "SnapKit" */;
			productName = "SnapKit-Dynamic";
		};
/* End XCSwiftPackageProductDependency section */
	};
	rootObject = E3D12B852C08847200FE2980 /* Project object */;
}
